PODS:
  - Alamofire (5.5.0)
  - MetroIpoSdk (0.0.2):
    - Alamofire (~> 5.4)

DEPENDENCIES:
  - MetroIpoSdk

SPEC REPOS:
  trunk:
    - Alamofire
    - MetroIpoSdk

SPEC CHECKSUMS:
  Alamofire: 1c4fb5369c3fe93d2857c780d8bbe09f06f97e7c
  MetroIpoSdk: 13e899657f53cf5e0cae198589f0c441043d2b17

PODFILE CHECKSUM: 6450b5d415a3f2f9b219e8a8c91cb823d0abd02b

COCOAPODS: 1.11.2
